
Microsoft Visual Studio Solution File, Format Version 12.00
# Visual Studio Version 16
VisualStudioVersion = 16.0.31105.61
MinimumVisualStudioVersion = 10.0.40219.1
Project("{9A19103F-16F7-4668-BE54-9A1E7A4F7556}") = "DataAccess", "DataAccess\DataAccess.csproj", "{0C79F899-3D24-48D9-A380-0F57171FEE3A}"
EndProject
Project("{9A19103F-16F7-4668-BE54-9A1E7A4F7556}") = "Business", "Business\Business.csproj", "{A2BAA3E3-00B7-434A-9BE2-EBA5CA534111}"
EndProject
Project("{9A19103F-16F7-4668-BE54-9A1E7A4F7556}") = "Entities", "Entities\Entities.csproj", "{CA183555-A6AA-4092-AC0E-D66CC39FFE5C}"
EndProject
Project("{9A19103F-16F7-4668-BE54-9A1E7A4F7556}") = "ConsoleUI", "ConsoleUI\ConsoleUI.csproj", "{63C12BF9-DDAE-4CB6-84BD-2822040B8BD7}"
EndProject
Global
	GlobalSection(SolutionConfigurationPlatforms) = preSolution
		Debug|Any CPU = Debug|Any CPU
		Release|Any CPU = Release|Any CPU
	EndGlobalSection
	GlobalSection(ProjectConfigurationPlatforms) = postSolution
		{0C79F899-3D24-48D9-A380-0F57171FEE3A}.Debug|Any CPU.ActiveCfg = Debug|Any CPU
		{0C79F899-3D24-48D9-A380-0F57171FEE3A}.Debug|Any CPU.Build.0 = Debug|Any CPU
		{0C79F899-3D24-48D9-A380-0F57171FEE3A}.Release|Any CPU.ActiveCfg = Release|Any CPU
		{0C79F899-3D24-48D9-A380-0F57171FEE3A}.Release|Any CPU.Build.0 = Release|Any CPU
		{A2BAA3E3-00B7-434A-9BE2-EBA5CA534111}.Debug|Any CPU.ActiveCfg = Debug|Any CPU
		{A2BAA3E3-00B7-434A-9BE2-EBA5CA534111}.Debug|Any CPU.Build.0 = Debug|Any CPU
		{A2BAA3E3-00B7-434A-9BE2-EBA5CA534111}.Release|Any CPU.ActiveCfg = Release|Any CPU
		{A2BAA3E3-00B7-434A-9BE2-EBA5CA534111}.Release|Any CPU.Build.0 = Release|Any CPU
		{CA183555-A6AA-4092-AC0E-D66CC39FFE5C}.Debug|Any CPU.ActiveCfg = Debug|Any CPU
		{CA183555-A6AA-4092-AC0E-D66CC39FFE5C}.Debug|Any CPU.Build.0 = Debug|Any CPU
		{CA183555-A6AA-4092-AC0E-D66CC39FFE5C}.Release|Any CPU.ActiveCfg = Release|Any CPU
		{CA183555-A6AA-4092-AC0E-D66CC39FFE5C}.Release|Any CPU.Build.0 = Release|Any CPU
		{63C12BF9-DDAE-4CB6-84BD-2822040B8BD7}.Debug|Any CPU.ActiveCfg = Debug|Any CPU
		{63C12BF9-DDAE-4CB6-84BD-2822040B8BD7}.Debug|Any CPU.Build.0 = Debug|Any CPU
		{63C12BF9-DDAE-4CB6-84BD-2822040B8BD7}.Release|Any CPU.ActiveCfg = Release|Any CPU
		{63C12BF9-DDAE-4CB6-84BD-2822040B8BD7}.Release|Any CPU.Build.0 = Release|Any CPU
	EndGlobalSection
	GlobalSection(SolutionProperties) = preSolution
		HideSolutionNode = FALSE
	EndGlobalSection
	GlobalSection(ExtensibilityGlobals) = postSolution
		SolutionGuid = {7E3CBFB2-0FF8-4277-8DD7-4F197788A0E9}
	EndGlobalSection
EndGlobal
